
Microsoft Visual Studio Solution File, Format Version 12.00
Project("{2150E333-8FDC-42A3-9474-1A3956D46DE8}") = "src", "src", "{827E0CD3-B72D-47B6-A68D-7590B98EB39B}"
EndProject
Project("{2150E333-8FDC-42A3-9474-1A3956D46DE8}") = "cli", "cli", "{778427DF-EB2C-5228-964E-6D535DE253CA}"
EndProject
Project("{FAE04EC0-301F-11D3-BF4B-00C04F79EFBC}") = "MediaBedrock.Application", "src\MediaBedrock.Application\MediaBedrock.Application.csproj", "{1C928C57-8F1C-887C-18D1-1C7F58925F94}"
EndProject
Project("{FAE04EC0-301F-11D3-BF4B-00C04F79EFBC}") = "MediaBedrock.Cli.Presentation", "src\MediaBedrock.Cli.Presentation\MediaBedrock.Cli.Presentation.csproj", "{8EF80A60-3E46-84DA-C387-8B682D7D8B26}"
EndProject
Project("{FAE04EC0-301F-11D3-BF4B-00C04F79EFBC}") = "MediaBedrock.Cli", "src\MediaBedrock.Cli\MediaBedrock.Cli.csproj", "{7DC5C28C-11F7-72EF-E3F9-359758D5A2CD}"
EndProject
Project("{FAE04EC0-301F-11D3-BF4B-00C04F79EFBC}") = "MediaBedrock.Domain", "src\MediaBedrock.Domain\MediaBedrock.Domain.csproj", "{E1685425-DBD8-5065-1C20-0A402DD653CC}"
EndProject
Project("{FAE04EC0-301F-11D3-BF4B-00C04F79EFBC}") = "MediaBedrock.Infrastructure", "src\MediaBedrock.Infrastructure\MediaBedrock.Infrastructure.csproj", "{C9D52BF6-B701-43D8-C0F6-7F49C615EB69}"
EndProject
Project("{FAE04EC0-301F-11D3-BF4B-00C04F79EFBC}") = "MediaBedrock.Sdk", "src\MediaBedrock.Sdk\MediaBedrock.Sdk.csproj", "{E3A8860C-585C-9247-64A2-6B46293373A6}"
EndProject
Project("{2150E333-8FDC-42A3-9474-1A3956D46DE8}") = "libs", "libs", "{E431C0EF-0A07-9D2C-3EA9-2C750D5184D2}"
EndProject
Project("{FAE04EC0-301F-11D3-BF4B-00C04F79EFBC}") = "MediaBedrock.Dolby.Extensions.DependencyInjection", "src\MediaBedrock.Dolby.Extensions.DependencyInjection\MediaBedrock.Dolby.Extensions.DependencyInjection.csproj", "{77A2B876-3275-4E16-8542-2C1B192D7992}"
EndProject
Project("{FAE04EC0-301F-11D3-BF4B-00C04F79EFBC}") = "MediaBedrock.Dolby", "src\MediaBedrock.Dolby\MediaBedrock.Dolby.csproj", "{A4B8ADC7-A693-A2CE-457F-0BAA2DBC8211}"
EndProject
Project("{2150E333-8FDC-42A3-9474-1A3956D46DE8}") = "plugins", "plugins", "{58D3A2C3-F96F-5E57-2C6B-ECE59D6A18FC}"
EndProject
Project("{FAE04EC0-301F-11D3-BF4B-00C04F79EFBC}") = "MediaBedrock.Plugins.Core", "src\MediaBedrock.Plugins.Core\MediaBedrock.Plugins.Core.csproj", "{D24C444C-7E58-7220-0DBA-2AFF603FDA0A}"
EndProject
Project("{FAE04EC0-301F-11D3-BF4B-00C04F79EFBC}") = "MediaBedrock.Plugins.Dolby", "src\MediaBedrock.Plugins.Dolby\MediaBedrock.Plugins.Dolby.csproj", "{C3563F59-BFE7-8271-DA29-D212CA29FF96}"
EndProject
Project("{FAE04EC0-301F-11D3-BF4B-00C04F79EFBC}") = "MediaBedrock.Plugins.FFmpeg", "src\MediaBedrock.Plugins.FFmpeg\MediaBedrock.Plugins.FFmpeg.csproj", "{F7880207-0C09-8076-D17E-3EA968F58E13}"
EndProject
Project("{FAE04EC0-301F-11D3-BF4B-00C04F79EFBC}") = "MediaBedrock.Plugins.Upmixers", "src\MediaBedrock.Plugins.Upmixers\MediaBedrock.Plugins.Upmixers.csproj", "{AC4BC43A-F5E1-99EB-7576-19DB8665EE3C}"
EndProject
Project("{2150E333-8FDC-42A3-9474-1A3956D46DE8}") = "samples", "samples", "{D1B4CF99-7947-DD6C-81D0-5B5B3989814C}"
EndProject
Project("{FAE04EC0-301F-11D3-BF4B-00C04F79EFBC}") = "MediaBedrock.Dolby.Example", "src\MediaBedrock.Dolby.Example\MediaBedrock.Dolby.Example.csproj", "{673C1A57-9446-8D41-C5E0-BA752D7D2742}"
EndProject
Project("{2150E333-8FDC-42A3-9474-1A3956D46DE8}") = "tests", "tests", "{0AB3BF05-4346-4AA6-1389-037BE0695223}"
EndProject
Project("{FAE04EC0-301F-11D3-BF4B-00C04F79EFBC}") = "MediaBedrock.UnitTests", "tests\MediaBedrock.UnitTests\MediaBedrock.UnitTests.csproj", "{9C3130FA-2378-2190-2091-A92F25C7936E}"
EndProject
Global
	GlobalSection(SolutionConfigurationPlatforms) = preSolution
		Debug|Any CPU = Debug|Any CPU
		Release|Any CPU = Release|Any CPU
	EndGlobalSection
	GlobalSection(ProjectConfigurationPlatforms) = postSolution
		{1C928C57-8F1C-887C-18D1-1C7F58925F94}.Debug|Any CPU.ActiveCfg = Debug|Any CPU
		{1C928C57-8F1C-887C-18D1-1C7F58925F94}.Debug|Any CPU.Build.0 = Debug|Any CPU
		{1C928C57-8F1C-887C-18D1-1C7F58925F94}.Release|Any CPU.ActiveCfg = Release|Any CPU
		{1C928C57-8F1C-887C-18D1-1C7F58925F94}.Release|Any CPU.Build.0 = Release|Any CPU
		{8EF80A60-3E46-84DA-C387-8B682D7D8B26}.Debug|Any CPU.ActiveCfg = Debug|Any CPU
		{8EF80A60-3E46-84DA-C387-8B682D7D8B26}.Debug|Any CPU.Build.0 = Debug|Any CPU
		{8EF80A60-3E46-84DA-C387-8B682D7D8B26}.Release|Any CPU.ActiveCfg = Release|Any CPU
		{8EF80A60-3E46-84DA-C387-8B682D7D8B26}.Release|Any CPU.Build.0 = Release|Any CPU
		{7DC5C28C-11F7-72EF-E3F9-359758D5A2CD}.Debug|Any CPU.ActiveCfg = Debug|Any CPU
		{7DC5C28C-11F7-72EF-E3F9-359758D5A2CD}.Debug|Any CPU.Build.0 = Debug|Any CPU
		{7DC5C28C-11F7-72EF-E3F9-359758D5A2CD}.Release|Any CPU.ActiveCfg = Release|Any CPU
		{7DC5C28C-11F7-72EF-E3F9-359758D5A2CD}.Release|Any CPU.Build.0 = Release|Any CPU
		{E1685425-DBD8-5065-1C20-0A402DD653CC}.Debug|Any CPU.ActiveCfg = Debug|Any CPU
		{E1685425-DBD8-5065-1C20-0A402DD653CC}.Debug|Any CPU.Build.0 = Debug|Any CPU
		{E1685425-DBD8-5065-1C20-0A402DD653CC}.Release|Any CPU.ActiveCfg = Release|Any CPU
		{E1685425-DBD8-5065-1C20-0A402DD653CC}.Release|Any CPU.Build.0 = Release|Any CPU
		{C9D52BF6-B701-43D8-C0F6-7F49C615EB69}.Debug|Any CPU.ActiveCfg = Debug|Any CPU
		{C9D52BF6-B701-43D8-C0F6-7F49C615EB69}.Debug|Any CPU.Build.0 = Debug|Any CPU
		{C9D52BF6-B701-43D8-C0F6-7F49C615EB69}.Release|Any CPU.ActiveCfg = Release|Any CPU
		{C9D52BF6-B701-43D8-C0F6-7F49C615EB69}.Release|Any CPU.Build.0 = Release|Any CPU
		{E3A8860C-585C-9247-64A2-6B46293373A6}.Debug|Any CPU.ActiveCfg = Debug|Any CPU
		{E3A8860C-585C-9247-64A2-6B46293373A6}.Debug|Any CPU.Build.0 = Debug|Any CPU
		{E3A8860C-585C-9247-64A2-6B46293373A6}.Release|Any CPU.ActiveCfg = Release|Any CPU
		{E3A8860C-585C-9247-64A2-6B46293373A6}.Release|Any CPU.Build.0 = Release|Any CPU
		{77A2B876-3275-4E16-8542-2C1B192D7992}.Debug|Any CPU.ActiveCfg = Debug|Any CPU
		{77A2B876-3275-4E16-8542-2C1B192D7992}.Debug|Any CPU.Build.0 = Debug|Any CPU
		{77A2B876-3275-4E16-8542-2C1B192D7992}.Release|Any CPU.ActiveCfg = Release|Any CPU
		{77A2B876-3275-4E16-8542-2C1B192D7992}.Release|Any CPU.Build.0 = Release|Any CPU
		{A4B8ADC7-A693-A2CE-457F-0BAA2DBC8211}.Debug|Any CPU.ActiveCfg = Debug|Any CPU
		{A4B8ADC7-A693-A2CE-457F-0BAA2DBC8211}.Debug|Any CPU.Build.0 = Debug|Any CPU
		{A4B8ADC7-A693-A2CE-457F-0BAA2DBC8211}.Release|Any CPU.ActiveCfg = Release|Any CPU
		{A4B8ADC7-A693-A2CE-457F-0BAA2DBC8211}.Release|Any CPU.Build.0 = Release|Any CPU
		{D24C444C-7E58-7220-0DBA-2AFF603FDA0A}.Debug|Any CPU.ActiveCfg = Debug|Any CPU
		{D24C444C-7E58-7220-0DBA-2AFF603FDA0A}.Debug|Any CPU.Build.0 = Debug|Any CPU
		{D24C444C-7E58-7220-0DBA-2AFF603FDA0A}.Release|Any CPU.ActiveCfg = Release|Any CPU
		{D24C444C-7E58-7220-0DBA-2AFF603FDA0A}.Release|Any CPU.Build.0 = Release|Any CPU
		{C3563F59-BFE7-8271-DA29-D212CA29FF96}.Debug|Any CPU.ActiveCfg = Debug|Any CPU
		{C3563F59-BFE7-8271-DA29-D212CA29FF96}.Debug|Any CPU.Build.0 = Debug|Any CPU
		{C3563F59-BFE7-8271-DA29-D212CA29FF96}.Release|Any CPU.ActiveCfg = Release|Any CPU
		{C3563F59-BFE7-8271-DA29-D212CA29FF96}.Release|Any CPU.Build.0 = Release|Any CPU
		{F7880207-0C09-8076-D17E-3EA968F58E13}.Debug|Any CPU.ActiveCfg = Debug|Any CPU
		{F7880207-0C09-8076-D17E-3EA968F58E13}.Debug|Any CPU.Build.0 = Debug|Any CPU
		{F7880207-0C09-8076-D17E-3EA968F58E13}.Release|Any CPU.ActiveCfg = Release|Any CPU
		{F7880207-0C09-8076-D17E-3EA968F58E13}.Release|Any CPU.Build.0 = Release|Any CPU
		{AC4BC43A-F5E1-99EB-7576-19DB8665EE3C}.Debug|Any CPU.ActiveCfg = Debug|Any CPU
		{AC4BC43A-F5E1-99EB-7576-19DB8665EE3C}.Debug|Any CPU.Build.0 = Debug|Any CPU
		{AC4BC43A-F5E1-99EB-7576-19DB8665EE3C}.Release|Any CPU.ActiveCfg = Release|Any CPU
		{AC4BC43A-F5E1-99EB-7576-19DB8665EE3C}.Release|Any CPU.Build.0 = Release|Any CPU
		{673C1A57-9446-8D41-C5E0-BA752D7D2742}.Debug|Any CPU.ActiveCfg = Debug|Any CPU
		{673C1A57-9446-8D41-C5E0-BA752D7D2742}.Debug|Any CPU.Build.0 = Debug|Any CPU
		{673C1A57-9446-8D41-C5E0-BA752D7D2742}.Release|Any CPU.ActiveCfg = Release|Any CPU
		{673C1A57-9446-8D41-C5E0-BA752D7D2742}.Release|Any CPU.Build.0 = Release|Any CPU
		{9C3130FA-2378-2190-2091-A92F25C7936E}.Debug|Any CPU.ActiveCfg = Debug|Any CPU
		{9C3130FA-2378-2190-2091-A92F25C7936E}.Debug|Any CPU.Build.0 = Debug|Any CPU
		{9C3130FA-2378-2190-2091-A92F25C7936E}.Release|Any CPU.ActiveCfg = Release|Any CPU
		{9C3130FA-2378-2190-2091-A92F25C7936E}.Release|Any CPU.Build.0 = Release|Any CPU
	EndGlobalSection
	GlobalSection(NestedProjects) = preSolution
		{778427DF-EB2C-5228-964E-6D535DE253CA} = {827E0CD3-B72D-47B6-A68D-7590B98EB39B}
		{E431C0EF-0A07-9D2C-3EA9-2C750D5184D2} = {827E0CD3-B72D-47B6-A68D-7590B98EB39B}
		{58D3A2C3-F96F-5E57-2C6B-ECE59D6A18FC} = {827E0CD3-B72D-47B6-A68D-7590B98EB39B}
		{D1B4CF99-7947-DD6C-81D0-5B5B3989814C} = {827E0CD3-B72D-47B6-A68D-7590B98EB39B}
		{1C928C57-8F1C-887C-18D1-1C7F58925F94} = {778427DF-EB2C-5228-964E-6D535DE253CA}
		{8EF80A60-3E46-84DA-C387-8B682D7D8B26} = {778427DF-EB2C-5228-964E-6D535DE253CA}
		{7DC5C28C-11F7-72EF-E3F9-359758D5A2CD} = {778427DF-EB2C-5228-964E-6D535DE253CA}
		{E1685425-DBD8-5065-1C20-0A402DD653CC} = {778427DF-EB2C-5228-964E-6D535DE253CA}
		{C9D52BF6-B701-43D8-C0F6-7F49C615EB69} = {778427DF-EB2C-5228-964E-6D535DE253CA}
		{E3A8860C-585C-9247-64A2-6B46293373A6} = {778427DF-EB2C-5228-964E-6D535DE253CA}
		{77A2B876-3275-4E16-8542-2C1B192D7992} = {E431C0EF-0A07-9D2C-3EA9-2C750D5184D2}
		{A4B8ADC7-A693-A2CE-457F-0BAA2DBC8211} = {E431C0EF-0A07-9D2C-3EA9-2C750D5184D2}
		{D24C444C-7E58-7220-0DBA-2AFF603FDA0A} = {58D3A2C3-F96F-5E57-2C6B-ECE59D6A18FC}
		{C3563F59-BFE7-8271-DA29-D212CA29FF96} = {58D3A2C3-F96F-5E57-2C6B-ECE59D6A18FC}
		{F7880207-0C09-8076-D17E-3EA968F58E13} = {58D3A2C3-F96F-5E57-2C6B-ECE59D6A18FC}
		{AC4BC43A-F5E1-99EB-7576-19DB8665EE3C} = {58D3A2C3-F96F-5E57-2C6B-ECE59D6A18FC}
		{673C1A57-9446-8D41-C5E0-BA752D7D2742} = {D1B4CF99-7947-DD6C-81D0-5B5B3989814C}
		{9C3130FA-2378-2190-2091-A92F25C7936E} = {0AB3BF05-4346-4AA6-1389-037BE0695223}
	EndGlobalSection
EndGlobal
